
Microsoft Visual Studio Solution File, Format Version 12.00
# Visual Studio Version 17
VisualStudioVersion = 17.1.32228.430
MinimumVisualStudioVersion = 10.0.40219.1
Project("{FAE04EC0-301F-11D3-BF4B-00C04F79EFBC}") = "c_string_demo", "c_string_demo.csproj", "{B271D7F2-687F-455B-8362-3ADEF94C33FB}"
EndProject
Global
	GlobalSection(SolutionConfigurationPlatforms) = preSolution
		Debug|Any CPU = Debug|Any CPU
		Release|Any CPU = Release|Any CPU
	EndGlobalSection
	GlobalSection(ProjectConfigurationPlatforms) = postSolution
		{B271D7F2-687F-455B-8362-3ADEF94C33FB}.Debug|Any CPU.ActiveCfg = Debug|Any CPU
		{B271D7F2-687F-455B-8362-3ADEF94C33FB}.Debug|Any CPU.Build.0 = Debug|Any CPU
		{B271D7F2-687F-455B-8362-3ADEF94C33FB}.Release|Any CPU.ActiveCfg = Release|Any CPU
		{B271D7F2-687F-455B-8362-3ADEF94C33FB}.Release|Any CPU.Build.0 = Release|Any CPU
	EndGlobalSection
	GlobalSection(SolutionProperties) = preSolution
		HideSolutionNode = FALSE
	EndGlobalSection
	GlobalSection(ExtensibilityGlobals) = postSolution
		SolutionGuid = {5932A39B-B0B7-4D6B-B9BA-3DC3974A2880}
	EndGlobalSection
EndGlobal
